---
version: 2
models:
  - name: stg_google_analytics_event_accordion_block
    description: A table to store Google Analytics events for accordion blocks
    columns:
      - name: event_date
        description: Date of the event
      - name: session_id
        description: Unique identifier for a particular session
      - name: session_source
        description: The referrer source of the session
      - name: session_medium
        description: The medium of the session
      - name: host_name
        description: The hostname of the page
      - name: page_path
        description: The path of the page
      - name: device_category
        description: The category of device used
      - name: user_gender
        description: The gender of the user
      - name: user_age
        description: The age of the user
      - name: session_default_channel
        description: The default channel of the session
      - name: campaign
        description: The campaign of the session
      - name: device_language
        description: The language of the device
      - name: selected_language
        description: The selected language
      - name: event_name
        description: The name of the event
      - name: accordion_item
        description: The item of the accordion
      - name: accordion_block
        description: The accordion block
      - name: file_name
        description: The name of the file
      - name: link_domain
        description: The domain of the link
      - name: top_nav_name
        description: The name of the top navigation
      - name: sub_menu_name
        description: The name of the sub menu
      - name: engaged_session
        description: Whether or not the session was engaged
      - name: percent_scrolled
        description: The percentage of the page that was scrolled
      - name: search_term
        description: The terms used for searching
      - name: page_referrer
        description: The referrer of the page
      - name: user_id
        description: The unique identifier for the user
      - name: engagement_time_msec
        description: The engagement time in milliseconds
